
Microsoft Visual Studio Solution File, Format Version 12.00
# Visual Studio Version 17
VisualStudioVersion = 17.3.32929.385
MinimumVisualStudioVersion = 10.0.40219.1
Project("{FAE04EC0-301F-11D3-BF4B-00C04F79EFBC}") = "Compeete", "Compeete\Compeete.csproj", "{67DC754D-A022-48BE-90D0-BDAE8C272A62}"
EndProject
Project("{FAE04EC0-301F-11D3-BF4B-00C04F79EFBC}") = "CompeeteData", "CompeeteData\CompeeteData.csproj", "{D371B8BD-A931-4734-8437-6E8DD75CF89E}"
EndProject
Global
	GlobalSection(SolutionConfigurationPlatforms) = preSolution
		Debug|Any CPU = Debug|Any CPU
		Release|Any CPU = Release|Any CPU
	EndGlobalSection
	GlobalSection(ProjectConfigurationPlatforms) = postSolution
		{67DC754D-A022-48BE-90D0-BDAE8C272A62}.Debug|Any CPU.ActiveCfg = Debug|Any CPU
		{67DC754D-A022-48BE-90D0-BDAE8C272A62}.Debug|Any CPU.Build.0 = Debug|Any CPU
		{67DC754D-A022-48BE-90D0-BDAE8C272A62}.Release|Any CPU.ActiveCfg = Release|Any CPU
		{67DC754D-A022-48BE-90D0-BDAE8C272A62}.Release|Any CPU.Build.0 = Release|Any CPU
		{D371B8BD-A931-4734-8437-6E8DD75CF89E}.Debug|Any CPU.ActiveCfg = Debug|Any CPU
		{D371B8BD-A931-4734-8437-6E8DD75CF89E}.Debug|Any CPU.Build.0 = Debug|Any CPU
		{D371B8BD-A931-4734-8437-6E8DD75CF89E}.Release|Any CPU.ActiveCfg = Release|Any CPU
		{D371B8BD-A931-4734-8437-6E8DD75CF89E}.Release|Any CPU.Build.0 = Release|Any CPU
	EndGlobalSection
	GlobalSection(SolutionProperties) = preSolution
		HideSolutionNode = FALSE
	EndGlobalSection
	GlobalSection(ExtensibilityGlobals) = postSolution
		SolutionGuid = {4E3223E1-83BD-41E8-8431-AEF001AC1856}
	EndGlobalSection
EndGlobal
